🔒 CRITICAL FILE LOCK 🔒

This directory contains prd-extraction.md which is REQUIRED for test case generation.

DO NOT DELETE: generated-cases/weekly-diff/replay-pr-32211/latest/prd-extraction.md

Impact of deletion:
- Test case generation fails when pulling PRD from master branch
- Weekly diff case generation cannot access Booking Form Retention Popup PRD content
- Breaks downstream case-template and test specification generation

Last broken by: Commit fab9ba7 (deleted the file)
Fixed by: Restoration from commit 63a0950

Contact: Before making any changes to this file/directory
